
Microsoft Visual Studio Solution File, Format Version 12.00
# Visual Studio Version 17
VisualStudioVersion = 17.4.33110.190
MinimumVisualStudioVersion = 10.0.40219.1
Project("{9A19103F-16F7-4668-BE54-9A1E7A4F7556}") = "BookBlazorApp", "BookBlazorApp\BookBlazorApp.csproj", "{EE381EFF-E452-4732-BB08-58B455DEED80}"
EndProject
Project("{9A19103F-16F7-4668-BE54-9A1E7A4F7556}") = "Database", "Database\Database.csproj", "{30091EA4-EE5B-4C34-89A9-43DFDE27FCC8}"
EndProject
Global
	GlobalSection(SolutionConfigurationPlatforms) = preSolution
		Debug|Any CPU = Debug|Any CPU
		Release|Any CPU = Release|Any CPU
	EndGlobalSection
	GlobalSection(ProjectConfigurationPlatforms) = postSolution
		{EE381EFF-E452-4732-BB08-58B455DEED80}.Debug|Any CPU.ActiveCfg = Debug|Any CPU
		{EE381EFF-E452-4732-BB08-58B455DEED80}.Debug|Any CPU.Build.0 = Debug|Any CPU
		{EE381EFF-E452-4732-BB08-58B455DEED80}.Release|Any CPU.ActiveCfg = Release|Any CPU
		{EE381EFF-E452-4732-BB08-58B455DEED80}.Release|Any CPU.Build.0 = Release|Any CPU
		{30091EA4-EE5B-4C34-89A9-43DFDE27FCC8}.Debug|Any CPU.ActiveCfg = Debug|Any CPU
		{30091EA4-EE5B-4C34-89A9-43DFDE27FCC8}.Debug|Any CPU.Build.0 = Debug|Any CPU
		{30091EA4-EE5B-4C34-89A9-43DFDE27FCC8}.Release|Any CPU.ActiveCfg = Release|Any CPU
		{30091EA4-EE5B-4C34-89A9-43DFDE27FCC8}.Release|Any CPU.Build.0 = Release|Any CPU
	EndGlobalSection
	GlobalSection(SolutionProperties) = preSolution
		HideSolutionNode = FALSE
	EndGlobalSection
	GlobalSection(ExtensibilityGlobals) = postSolution
		SolutionGuid = {1346A66C-D692-447A-9FB4-5D416B6E7D6C}
	EndGlobalSection
EndGlobal
